
Microsoft Visual Studio Solution File, Format Version 12.00
# Visual Studio Version 16
VisualStudioVersion = 16.0.33529.622
MinimumVisualStudioVersion = 10.0.40219.1
Project("{FAE04EC0-301F-11D3-BF4B-00C04F79EFBC}") = "Viktorina", "Viktorina.csproj", "{BB71FFDC-3964-48B2-B1EA-2EE98BBADECE}"
EndProject
Global
	GlobalSection(SolutionConfigurationPlatforms) = preSolution
		Debug|Any CPU = Debug|Any CPU
		Release|Any CPU = Release|Any CPU
	EndGlobalSection
	GlobalSection(ProjectConfigurationPlatforms) = postSolution
		{BB71FFDC-3964-48B2-B1EA-2EE98BBADECE}.Debug|Any CPU.ActiveCfg = Debug|Any CPU
		{BB71FFDC-3964-48B2-B1EA-2EE98BBADECE}.Debug|Any CPU.Build.0 = Debug|Any CPU
		{BB71FFDC-3964-48B2-B1EA-2EE98BBADECE}.Release|Any CPU.ActiveCfg = Release|Any CPU
		{BB71FFDC-3964-48B2-B1EA-2EE98BBADECE}.Release|Any CPU.Build.0 = Release|Any CPU
	EndGlobalSection
	GlobalSection(SolutionProperties) = preSolution
		HideSolutionNode = FALSE
	EndGlobalSection
	GlobalSection(ExtensibilityGlobals) = postSolution
		SolutionGuid = {45CDD4F9-4C0C-4842-AD69-B12A8022C0B5}
	EndGlobalSection
EndGlobal
