
Microsoft Visual Studio Solution File, Format Version 12.00
# Visual Studio Version 16
VisualStudioVersion = 16.0.33529.622
MinimumVisualStudioVersion = 10.0.40219.1
Project("{FAE04EC0-301F-11D3-BF4B-00C04F79EFBC}") = "WindowsFormsApp111", "WindowsFormsApp111.csproj", "{ABC1C91D-6581-45F1-A26A-D852F12D1FBC}"
EndProject
Global
	GlobalSection(SolutionConfigurationPlatforms) = preSolution
		Debug|Any CPU = Debug|Any CPU
		Release|Any CPU = Release|Any CPU
	EndGlobalSection
	GlobalSection(ProjectConfigurationPlatforms) = postSolution
		{ABC1C91D-6581-45F1-A26A-D852F12D1FBC}.Debug|Any CPU.ActiveCfg = Debug|Any CPU
		{ABC1C91D-6581-45F1-A26A-D852F12D1FBC}.Debug|Any CPU.Build.0 = Debug|Any CPU
		{ABC1C91D-6581-45F1-A26A-D852F12D1FBC}.Release|Any CPU.ActiveCfg = Release|Any CPU
		{ABC1C91D-6581-45F1-A26A-D852F12D1FBC}.Release|Any CPU.Build.0 = Release|Any CPU
	EndGlobalSection
	GlobalSection(SolutionProperties) = preSolution
		HideSolutionNode = FALSE
	EndGlobalSection
	GlobalSection(ExtensibilityGlobals) = postSolution
		SolutionGuid = {B2AA9441-134E-4EEF-97D4-EECD17BB61A8}
	EndGlobalSection
EndGlobal
